
Microsoft Visual Studio Solution File, Format Version 12.00
# Visual Studio Version 17
VisualStudioVersion = 17.5.002.0
MinimumVisualStudioVersion = 10.0.40219.1
Project("{9A19103F-16F7-4668-BE54-9A1E7A4F7556}") = "AOC_2023", "AOC_2023.csproj", "{33336EB0-2917-4293-8F48-A95F3CCB6C1B}"
EndProject
Global
	GlobalSection(SolutionConfigurationPlatforms) = preSolution
		Debug|Any CPU = Debug|Any CPU
		Release|Any CPU = Release|Any CPU
	EndGlobalSection
	GlobalSection(ProjectConfigurationPlatforms) = postSolution
		{33336EB0-2917-4293-8F48-A95F3CCB6C1B}.Debug|Any CPU.ActiveCfg = Debug|Any CPU
		{33336EB0-2917-4293-8F48-A95F3CCB6C1B}.Debug|Any CPU.Build.0 = Debug|Any CPU
		{33336EB0-2917-4293-8F48-A95F3CCB6C1B}.Release|Any CPU.ActiveCfg = Release|Any CPU
		{33336EB0-2917-4293-8F48-A95F3CCB6C1B}.Release|Any CPU.Build.0 = Release|Any CPU
	EndGlobalSection
	GlobalSection(SolutionProperties) = preSolution
		HideSolutionNode = FALSE
	EndGlobalSection
	GlobalSection(ExtensibilityGlobals) = postSolution
		SolutionGuid = {56246A65-0A1B-4E31-B0F3-AEA6A7CA68AC}
	EndGlobalSection
EndGlobal
